
Microsoft Visual Studio Solution File, Format Version 12.00
# Visual Studio Version 17
VisualStudioVersion = 17.14.37012.4 d17.14
MinimumVisualStudioVersion = 10.0.40219.1
Project("{FAE04EC0-301F-11D3-BF4B-00C04F79EFBC}") = "FacilityDashboard", "FacilityDashboard.csproj", "{DFD97E83-6E83-489E-84AD-80381419CB57}"
EndProject
Global
	GlobalSection(SolutionConfigurationPlatforms) = preSolution
		Debug|Any CPU = Debug|Any CPU
		Release|Any CPU = Release|Any CPU
	EndGlobalSection
	GlobalSection(ProjectConfigurationPlatforms) = postSolution
		{DFD97E83-6E83-489E-84AD-80381419CB57}.Debug|Any CPU.ActiveCfg = Debug|Any CPU
		{DFD97E83-6E83-489E-84AD-80381419CB57}.Debug|Any CPU.Build.0 = Debug|Any CPU
		{DFD97E83-6E83-489E-84AD-80381419CB57}.Release|Any CPU.ActiveCfg = Release|Any CPU
		{DFD97E83-6E83-489E-84AD-80381419CB57}.Release|Any CPU.Build.0 = Release|Any CPU
	EndGlobalSection
	GlobalSection(SolutionProperties) = preSolution
		HideSolutionNode = FALSE
	EndGlobalSection
	GlobalSection(ExtensibilityGlobals) = postSolution
		SolutionGuid = {98B4BDB5-A049-411B-B7B8-F0B8AB2F390F}
	EndGlobalSection
EndGlobal
